<?xml version="1.0" encoding="utf-8"?>
<Project ToolsVersion="4.0" xmlns="http://schemas.microsoft.com/developer/msbuild/2003">
  <ItemGroup>
    <Filter Include="Pliki źródłowe">
      <UniqueIdentifier>{4FC737F1-C7A5-4376-A066-2A32D752A2FF}</UniqueIdentifier>
      <Extensions>cpp;c;cc;cxx;c++;cppm;ixx;def;odl;idl;hpj;bat;asm;asmx</Extensions>
    </Filter>
    <Filter Include="Pliki nagłówkowe">
      <UniqueIdentifier>{93995380-89BD-4b04-88EB-625FBE52EBFB}</UniqueIdentifier>
      <Extensions>h;hh;hpp;hxx;h++;hm;inl;inc;ipp;xsd</Extensions>
    </Filter>
    <Filter Include="Pliki zasobów">
      <UniqueIdentifier>{67DA6AB6-F800-4c08-8B7A-83BB121AAD01}</UniqueIdentifier>
      <Extensions>rc;ico;cur;bmp;dlg;rc2;rct;bin;rgs;gif;jpg;jpeg;jpe;resx;tiff;tif;png;wav;mfcribbon-ms</Extensions>
    </Filter>
    <Filter Include="Pliki źródłowe\glfw">
      <UniqueIdentifier>{1f77cd95-4cc0-44b8-9ad3-46edc4deeb3c}</UniqueIdentifier>
    </Filter>
    <Filter Include="Pliki nagłówkowe\glfw">
      <UniqueIdentifier>{fbfaedf2-c4a7-4dec-b4ab-5efce90c3311}</UniqueIdentifier>
    </Filter>
    <Filter Include="Pliki nagłówkowe\Glad">
      <UniqueIdentifier>{51a78c56-e0e5-471b-9e0f-644571adff27}</UniqueIdentifier>
    </Filter>
    <Filter Include="Pliki źródłowe\Glad">
      <UniqueIdentifier>{f3e2a62d-83fe-4f1f-ae31-708a636f6e8f}</UniqueIdentifier>
    </Filter>
    <Filter Include="Pliki źródłowe\engine">
      <UniqueIdentifier>{29c1efd7-1dd0-4ce7-a10c-4192346658e8}</UniqueIdentifier>
    </Filter>
    <Filter Include="Pliki nagłówkowe\engine">
      <UniqueIdentifier>{e6adde77-e96b-4a2f-9702-012d226ade05}</UniqueIdentifier>
    </Filter>
    <Filter Include="Pliki źródłowe\engine\primitives">
      <UniqueIdentifier>{3ceaf04f-e8bd-47e4-b940-b6d9868f7ade}</UniqueIdentifier>
    </Filter>
    <Filter Include="Pliki nagłówkowe\engine\primitives">
      <UniqueIdentifier>{d6275f7d-5653-46ee-8817-f70aad83905f}</UniqueIdentifier>
    </Filter>
    <Filter Include="Pliki nagłówkowe\engine\shader">
      <UniqueIdentifier>{16a4219a-4645-499d-8951-448d0283b2e2}</UniqueIdentifier>
    </Filter>
    <Filter Include="Pliki źródłowe\engine\shader">
      <UniqueIdentifier>{964c281c-55e5-4655-882d-76c426b6ea22}</UniqueIdentifier>
    </Filter>
    <Filter Include="Pliki źródłowe\stb_image">
      <UniqueIdentifier>{27e7283f-cf84-453b-826f-5f75a42c9ee3}</UniqueIdentifier>
    </Filter>
    <Filter Include="Pliki nagłówkowe\stb_image">
      <UniqueIdentifier>{40490108-9d92-4707-b71f-b6d04e1300fc}</UniqueIdentifier>
    </Filter>
    <Filter Include="Pliki nagłówkowe\engine\texture">
      <UniqueIdentifier>{d57c4a3d-6a65-4908-9f1a-e77e93f896d8}</UniqueIdentifier>
    </Filter>
    <Filter Include="Pliki źródłowe\engine\texture">
      <UniqueIdentifier>{b912cc79-880d-4271-8f7c-ec74996de31d}</UniqueIdentifier>
    </Filter>
    <Filter Include="Pliki nagłówkowe\engine\camera">
      <UniqueIdentifier>{ad1da202-ef84-492d-9035-8884b91582a7}</UniqueIdentifier>
    </Filter>
    <Filter Include="Pliki źródłowe\engine\camera">
      <UniqueIdentifier>{96e398c1-ba46-4841-a2d7-f802eb30e3a9}</UniqueIdentifier>
    </Filter>
    <Filter Include="Pliki nagłówkowe\engine\lightning">
      <UniqueIdentifier>{1b3dd827-5b1b-4505-8263-fd6bac8a4bed}</UniqueIdentifier>
    </Filter>
    <Filter Include="Pliki źródłowe\engine\lightning">
      <UniqueIdentifier>{21af1e2a-6b3a-414b-8e47-92091bab66a4}</UniqueIdentifier>
    </Filter>
    <Filter Include="Pliki nagłówkowe\engine\models">
      <UniqueIdentifier>{2b67f90e-36bd-494d-af4c-1288b7190d05}</UniqueIdentifier>
    </Filter>
    <Filter Include="Pliki źródłowe\models">
      <UniqueIdentifier>{3e2f3ab7-100c-4a7b-a23e-0a2f47d9ec97}</UniqueIdentifier>
    </Filter>
    <Filter Include="Pliki nagłówkowe\engine\colors">
      <UniqueIdentifier>{51264636-1620-4e99-89e3-a203ab5430af}</UniqueIdentifier>
    </Filter>
    <Filter Include="Pliki źródłowe\engine\colors">
      <UniqueIdentifier>{c69c8559-dc8f-42fb-a9d0-fbeeb46e63ad}</UniqueIdentifier>
    </Filter>
    <Filter Include="Pliki nagłówkowe\snakeImplementation">
      <UniqueIdentifier>{9b991417-ebca-4a6e-849b-53dd64e74b4e}</UniqueIdentifier>
    </Filter>
    <Filter Include="Pliki źródłowe\snakeImplementation">
      <UniqueIdentifier>{95948216-a26a-41a1-9e6e-fc1d5fb5ddcb}</UniqueIdentifier>
    </Filter>
    <Filter Include="Pliki nagłówkowe\engine\Random">
      <UniqueIdentifier>{995c25a0-ee25-49ed-8f0c-515de6f8ffd0}</UniqueIdentifier>
    </Filter>
    <Filter Include="Pliki źródłowe\engine\Random">
      <UniqueIdentifier>{9558ab87-c358-454f-8087-598a376f9221}</UniqueIdentifier>
    </Filter>
  </ItemGroup>
  <ItemGroup>
    <ClCompile Include="main.cpp">
      <Filter>Pliki źródłowe</Filter>
    </ClCompile>
    <ClCompile Include="source\glfw\Glfw.cpp">
      <Filter>Pliki źródłowe\glfw</Filter>
    </ClCompile>
    <ClCompile Include="glad.c">
      <Filter>Pliki źródłowe</Filter>
    </ClCompile>
    <ClCompile Include="source\glad\Glad.cpp">
      <Filter>Pliki źródłowe\Glad</Filter>
    </ClCompile>
    <ClCompile Include="source\engine\engine.cpp">
      <Filter>Pliki źródłowe\engine</Filter>
    </ClCompile>
    <ClCompile Include="source\engine\primitives\triangle.cpp">
      <Filter>Pliki źródłowe\engine\primitives</Filter>
    </ClCompile>
    <ClCompile Include="source\engine\primitives\Point3d.cpp">
      <Filter>Pliki źródłowe\engine\primitives</Filter>
    </ClCompile>
    <ClCompile Include="source\engine\shaders\shader.cpp">
      <Filter>Pliki źródłowe\engine\shader</Filter>
    </ClCompile>
    <ClCompile Include="source\engine\shaders\shaderProgram.cpp">
      <Filter>Pliki źródłowe\engine\shader</Filter>
    </ClCompile>
    <ClCompile Include="source\stb_image\stb_imageImp.cpp">
      <Filter>Pliki źródłowe\stb_image</Filter>
    </ClCompile>
    <ClCompile Include="source\engine\texture\texture.cpp">
      <Filter>Pliki źródłowe\engine\texture</Filter>
    </ClCompile>
    <ClCompile Include="source\engine\primitives\Vec2.cpp">
      <Filter>Pliki źródłowe\engine\primitives</Filter>
    </ClCompile>
    <ClCompile Include="source\engine\camera\camera.cpp">
      <Filter>Pliki źródłowe\engine\camera</Filter>
    </ClCompile>
    <ClCompile Include="source\engine\primitives\cube.cpp">
      <Filter>Pliki źródłowe\engine\primitives</Filter>
    </ClCompile>
    <ClCompile Include="source\engine\primitives\line.cpp">
      <Filter>Pliki źródłowe\engine\primitives</Filter>
    </ClCompile>
    <ClCompile Include="source\engine\lightning\material.cpp">
      <Filter>Pliki źródłowe\engine\lightning</Filter>
    </ClCompile>
    <ClCompile Include="source\engine\lightning\light.cpp">
      <Filter>Pliki źródłowe\engine\lightning</Filter>
    </ClCompile>
    <ClCompile Include="source\engine\models\mesh.cpp">
      <Filter>Pliki źródłowe\models</Filter>
    </ClCompile>
    <ClCompile Include="source\engine\models\model.cpp">
      <Filter>Pliki źródłowe\models</Filter>
    </ClCompile>
    <ClCompile Include="source\engine\colors\Color.cpp">
      <Filter>Pliki źródłowe\engine\colors</Filter>
    </ClCompile>
    <ClCompile Include="source\snakeImplementation\board.cpp">
      <Filter>Pliki źródłowe\snakeImplementation</Filter>
    </ClCompile>
    <ClCompile Include="source\snakeImplementation\snakeHead.cpp">
      <Filter>Pliki źródłowe\snakeImplementation</Filter>
    </ClCompile>
    <ClCompile Include="source\snakeImplementation\Snake.cpp">
      <Filter>Pliki źródłowe\snakeImplementation</Filter>
    </ClCompile>
    <ClCompile Include="source\snakeImplementation\SnakeTail.cpp">
      <Filter>Pliki źródłowe\snakeImplementation</Filter>
    </ClCompile>
    <ClCompile Include="source\engine\Random\Random.cpp">
      <Filter>Pliki źródłowe\engine\Random</Filter>
    </ClCompile>
    <ClCompile Include="source\snakeImplementation\Game.cpp">
      <Filter>Pliki źródłowe\snakeImplementation</Filter>
    </ClCompile>
  </ItemGroup>
  <ItemGroup>
    <ClInclude Include="source\glfw\Glfw.h">
      <Filter>Pliki nagłówkowe\glfw</Filter>
    </ClInclude>
    <ClInclude Include="source\glad\Glad.h">
      <Filter>Pliki nagłówkowe\Glad</Filter>
    </ClInclude>
    <ClInclude Include="source\engine\engine.h">
      <Filter>Pliki nagłówkowe\engine</Filter>
    </ClInclude>
    <ClInclude Include="source\engine\primitives\triangle.h">
      <Filter>Pliki nagłówkowe\engine\primitives</Filter>
    </ClInclude>
    <ClInclude Include="source\engine\primitives\Point3d.h">
      <Filter>Pliki nagłówkowe\engine\primitives</Filter>
    </ClInclude>
    <ClInclude Include="source\engine\shaders\shader.h">
      <Filter>Pliki nagłówkowe\engine\shader</Filter>
    </ClInclude>
    <ClInclude Include="source\engine\shaders\shaderProgram.h">
      <Filter>Pliki nagłówkowe\engine\shader</Filter>
    </ClInclude>
    <ClInclude Include="source\engine\macros.h">
      <Filter>Pliki nagłówkowe\engine</Filter>
    </ClInclude>
    <ClInclude Include="source\stb_image\stb_image.h">
      <Filter>Pliki nagłówkowe\stb_image</Filter>
    </ClInclude>
    <ClInclude Include="source\engine\texture\texture.h">
      <Filter>Pliki nagłówkowe\engine\texture</Filter>
    </ClInclude>
    <ClInclude Include="source\engine\primitives\Vec2.h">
      <Filter>Pliki nagłówkowe\engine\primitives</Filter>
    </ClInclude>
    <ClInclude Include="source\engine\camera\camera.h">
      <Filter>Pliki nagłówkowe\engine\camera</Filter>
    </ClInclude>
    <ClInclude Include="source\engine\primitives\cube.h">
      <Filter>Pliki nagłówkowe\engine\primitives</Filter>
    </ClInclude>
    <ClInclude Include="source\engine\primitives\line.h">
      <Filter>Pliki nagłówkowe\engine\primitives</Filter>
    </ClInclude>
    <ClInclude Include="source\engine\lightning\light.h">
      <Filter>Pliki nagłówkowe\engine\lightning</Filter>
    </ClInclude>
    <ClInclude Include="source\engine\lightning\material.h">
      <Filter>Pliki nagłówkowe\engine\lightning</Filter>
    </ClInclude>
    <ClInclude Include="source\engine\models\model.h">
      <Filter>Pliki nagłówkowe\engine\models</Filter>
    </ClInclude>
    <ClInclude Include="source\engine\models\mesh.h">
      <Filter>Pliki nagłówkowe\engine\models</Filter>
    </ClInclude>
    <ClInclude Include="source\engine\colors\Color.h">
      <Filter>Pliki nagłówkowe\engine\colors</Filter>
    </ClInclude>
    <ClInclude Include="source\snakeImplementation\board.h">
      <Filter>Pliki nagłówkowe\snakeImplementation</Filter>
    </ClInclude>
    <ClInclude Include="source\snakeImplementation\snakeHead.h">
      <Filter>Pliki nagłówkowe\snakeImplementation</Filter>
    </ClInclude>
    <ClInclude Include="source\snakeImplementation\Snake.h">
      <Filter>Pliki nagłówkowe\snakeImplementation</Filter>
    </ClInclude>
    <ClInclude Include="source\snakeImplementation\SnakeTail.h">
      <Filter>Pliki nagłówkowe\snakeImplementation</Filter>
    </ClInclude>
    <ClInclude Include="source\engine\Random\Random.h">
      <Filter>Pliki nagłówkowe\engine\Random</Filter>
    </ClInclude>
    <ClInclude Include="source\snakeImplementation\Game.h">
      <Filter>Pliki nagłówkowe\snakeImplementation</Filter>
    </ClInclude>
  </ItemGroup>
  <ItemGroup>
    <None Include="resources\shaders\fShader.fs">
      <Filter>Pliki zasobów</Filter>
    </None>
    <None Include="resources\shaders\vShader.vs">
      <Filter>Pliki zasobów</Filter>
    </None>
    <None Include="resources\shaders\colorShader.fs">
      <Filter>Pliki zasobów</Filter>
    </None>
    <None Include="resources\shaders\colorShader.vs">
      <Filter>Pliki zasobów</Filter>
    </None>
    <None Include="resources\shaders\back.fs">
      <Filter>Pliki zasobów</Filter>
    </None>
    <None Include="resources\shaders\back.vs">
      <Filter>Pliki zasobów</Filter>
    </None>
  </ItemGroup>
</Project>